
Microsoft Visual Studio Solution File, Format Version 12.00
# Visual Studio 15
VisualStudioVersion = 15.0.27130.2010
MinimumVisualStudioVersion = 10.0.40219.1
Project("{FAE04EC0-301F-11D3-BF4B-00C04F79EFBC}") = "UniversityContoso", "UniversityContoso\UniversityContoso.csproj", "{677BAB28-A79E-4B1D-A583-16762FBC186A}"
EndProject
Global
	GlobalSection(SolutionConfigurationPlatforms) = preSolution
		Debug|Any CPU = Debug|Any CPU
		Release|Any CPU = Release|Any CPU
	EndGlobalSection
	GlobalSection(ProjectConfigurationPlatforms) = postSolution
		{677BAB28-A79E-4B1D-A583-16762FBC186A}.Debug|Any CPU.ActiveCfg = Debug|Any CPU
		{677BAB28-A79E-4B1D-A583-16762FBC186A}.Debug|Any CPU.Build.0 = Debug|Any CPU
		{677BAB28-A79E-4B1D-A583-16762FBC186A}.Release|Any CPU.ActiveCfg = Release|Any CPU
		{677BAB28-A79E-4B1D-A583-16762FBC186A}.Release|Any CPU.Build.0 = Release|Any CPU
	EndGlobalSection
	GlobalSection(SolutionProperties) = preSolution
		HideSolutionNode = FALSE
	EndGlobalSection
	GlobalSection(ExtensibilityGlobals) = postSolution
		SolutionGuid = {0CF2C587-8A29-48A8-9DAA-64A193F65288}
	EndGlobalSection
EndGlobal
